
Microsoft Visual Studio Solution File, Format Version 12.00
# Visual Studio Version 17
VisualStudioVersion = 17.1.32421.90
MinimumVisualStudioVersion = 10.0.40219.1
Project("{FAE04EC0-301F-11D3-BF4B-00C04F79EFBC}") = "dev-in-house-basic-authentication", "dev-in-house-basic-authentication\dev-in-house-basic-authentication.csproj", "{5477CA78-BB2A-43BD-B4A5-DFF1D6A81FFE}"
EndProject
Global
	GlobalSection(SolutionConfigurationPlatforms) = preSolution
		Debug|Any CPU = Debug|Any CPU
		Release|Any CPU = Release|Any CPU
	EndGlobalSection
	GlobalSection(ProjectConfigurationPlatforms) = postSolution
		{5477CA78-BB2A-43BD-B4A5-DFF1D6A81FFE}.Debug|Any CPU.ActiveCfg = Debug|Any CPU
		{5477CA78-BB2A-43BD-B4A5-DFF1D6A81FFE}.Debug|Any CPU.Build.0 = Debug|Any CPU
		{5477CA78-BB2A-43BD-B4A5-DFF1D6A81FFE}.Release|Any CPU.ActiveCfg = Release|Any CPU
		{5477CA78-BB2A-43BD-B4A5-DFF1D6A81FFE}.Release|Any CPU.Build.0 = Release|Any CPU
	EndGlobalSection
	GlobalSection(SolutionProperties) = preSolution
		HideSolutionNode = FALSE
	EndGlobalSection
	GlobalSection(ExtensibilityGlobals) = postSolution
		SolutionGuid = {7A2A89B3-0531-4673-85D8-3D4E0A798DFA}
	EndGlobalSection
EndGlobal
